// !$*UTF8*$!
{
	archiveVersion = 1;
	classes = {
	};
	objectVersion = 56;
	objects = {

/* Begin PBXBuildFile section */
		47A130EA28601C9700B5F1A7 /* UI_592App.swift in Sources */ = {isa = PBXBuildFile; fileRef = 47A130E928601C9700B5F1A7 /* UI_592App.swift */; };
		47A130EC28601C9700B5F1A7 /* ContentView.swift in Sources */ = {isa = PBXBuildFile; fileRef = 47A130EB28601C9700B5F1A7 /* ContentView.swift */; };
		47A130EE28601C9800B5F1A7 /* Assets.xcassets in Resources */ = {isa = PBXBuildFile; fileRef = 47A130ED28601C9800B5F1A7 /* Assets.xcassets */; };
		47A130F128601C9800B5F1A7 /* Preview Assets.xcassets in Resources */ = {isa = PBXBuildFile; fileRef = 47A130F028601C9800B5F1A7 /* Preview Assets.xcassets */; };
		47A130FB28601C9800B5F1A7 /* UI_592Tests.swift in Sources */ = {isa = PBXBuildFile; fileRef = 47A130FA28601C9800B5F1A7 /* UI_592Tests.swift */; };
		47A1310528601C9800B5F1A7 /* UI_592UITests.swift in Sources */ = {isa = PBXBuildFile; fileRef = 47A1310428601C9800B5F1A7 /* UI_592UITests.swift */; };
		47A1310728601C9800B5F1A7 /* UI_592UITestsLaunchTests.swift in Sources */ = {isa = PBXBuildFile; fileRef = 47A1310628601C9800B5F1A7 /* UI_592UITestsLaunchTests.swift */; };
		47A1311528601CAA00B5F1A7 /* Home.swift in Sources */ = {isa = PBXBuildFile; fileRef = 47A1311428601CAA00B5F1A7 /* Home.swift */; };
		47A1311828601CB200B5F1A7 /* Album.swift in Sources */ = {isa = PBXBuildFile; fileRef = 47A1311728601CB200B5F1A7 /* Album.swift */; };
		47A1311B28601E8200B5F1A7 /* Extencion.swift in Sources */ = {isa = PBXBuildFile; fileRef = 47A1311A28601E8200B5F1A7 /* Extencion.swift */; };
/* End PBXBuildFile section */

/* Begin PBXContainerItemProxy section */
		47A130F728601C9800B5F1A7 /* PBXContainerItemProxy */ = {
			isa = PBXContainerItemProxy;
			containerPortal = 47A130DE28601C9700B5F1A7 /* Project object */;
			proxyType = 1;
			remoteGlobalIDString = 47A130E528601C9700B5F1A7;
			remoteInfo = "UI-592";
		};
		47A1310128601C9800B5F1A7 /* PBXContainerItemProxy */ = {
			isa = PBXContainerItemProxy;
			containerPortal = 47A130DE28601C9700B5F1A7 /* Project object */;
			proxyType = 1;
			remoteGlobalIDString = 47A130E528601C9700B5F1A7;
			remoteInfo = "UI-592";
		};
/* End PBXContainerItemProxy section */

/* Begin PBXFileReference section */
		47A130E628601C9700B5F1A7 /* UI-592.app */ = {isa = PBXFileReference; explicitFileType = wrapper.application; includeInIndex = 0; path = "UI-592.app"; sourceTree = BUILT_PRODUCTS_DIR; };
		47A130E928601C9700B5F1A7 /* UI_592App.swift */ = {isa = PBXFileReference; lastKnownFileType = sourcecode.swift; path = UI_592App.swift; sourceTree = "<group>"; };
		47A130EB28601C9700B5F1A7 /* ContentView.swift */ = {isa = PBXFileReference; lastKnownFileType = sourcecode.swift; path = ContentView.swift; sourceTree = "<group>"; };
		47A130ED28601C9800B5F1A7 /* Assets.xcassets */ = {isa = PBXFileReference; lastKnownFileType = folder.assetcatalog; path = Assets.xcassets; sourceTree = "<group>"; };
		47A130F028601C9800B5F1A7 /* Preview Assets.xcassets */ = {isa = PBXFileReference; lastKnownFileType = folder.assetcatalog; path = "Preview Assets.xcassets"; sourceTree = "<group>"; };
		47A130F628601C9800B5F1A7 /* UI-592Tests.xctest */ = {isa = PBXFileReference; explicitFileType = wrapper.cfbundle; includeInIndex = 0; path = "UI-592Tests.xctest"; sourceTree = BUILT_PRODUCTS_DIR; };
		47A130FA28601C9800B5F1A7 /* UI_592Tests.swift */ = {isa = PBXFileReference; lastKnownFileType = sourcecode.swift; path = UI_592Tests.swift; sourceTree = "<group>"; };
		47A1310028601C9800B5F1A7 /* UI-592UITests.xctest */ = {isa = PBXFileReference; explicitFileType = wrapper.cfbundle; includeInIndex = 0; path = "UI-592UITests.xctest"; sourceTree = BUILT_PRODUCTS_DIR; };
		47A1310428601C9800B5F1A7 /* UI_592UITests.swift */ = {isa = PBXFileReference; lastKnownFileType = sourcecode.swift; path = UI_592UITests.swift; sourceTree = "<group>"; };
		47A1310628601C9800B5F1A7 /* UI_592UITestsLaunchTests.swift */ = {isa = PBXFileReference; lastKnownFileType = sourcecode.swift; path = UI_592UITestsLaunchTests.swift; sourceTree = "<group>"; };
		47A1311428601CAA00B5F1A7 /* Home.swift */ = {isa = PBXFileReference; lastKnownFileType = sourcecode.swift; path = Home.swift; sourceTree = "<group>"; };
		47A1311728601CB200B5F1A7 /* Album.swift */ = {isa = PBXFileReference; lastKnownFileType = sourcecode.swift; path = Album.swift; sourceTree = "<group>"; };
		47A1311A28601E8200B5F1A7 /* Extencion.swift */ = {isa = PBXFileReference; lastKnownFileType = sourcecode.swift; path = Extencion.swift; sourceTree = "<group>"; };
/* End PBXFileReference section */

/* Begin PBXFrameworksBuildPhase section */
		47A130E328601C9700B5F1A7 /* Frameworks */ = {
			isa = PBXFrameworksBuildPhase;
			buildActionMask = 2147483647;
			files = (
			);
			runOnlyForDeploymentPostprocessing = 0;
		};
		47A130F328601C9800B5F1A7 /* Frameworks */ = {
			isa = PBXFrameworksBuildPhase;
			buildActionMask = 2147483647;
			files = (
			);
			runOnlyForDeploymentPostprocessing = 0;
		};
		47A130FD28601C9800B5F1A7 /* Frameworks */ = {
			isa = PBXFrameworksBuildPhase;
			buildActionMask = 2147483647;
			files = (
			);
			runOnlyForDeploymentPostprocessing = 0;
		};
/* End PBXFrameworksBuildPhase section */

/* Begin PBXGroup section */
		47A130DD28601C9700B5F1A7 = {
			isa = PBXGroup;
			children = (
				47A130E828601C9700B5F1A7 /* UI-592 */,
				47A130F928601C9800B5F1A7 /* UI-592Tests */,
				47A1310328601C9800B5F1A7 /* UI-592UITests */,
				47A130E728601C9700B5F1A7 /* Products */,
			);
			sourceTree = "<group>";
		};
		47A130E728601C9700B5F1A7 /* Products */ = {
			isa = PBXGroup;
			children = (
				47A130E628601C9700B5F1A7 /* UI-592.app */,
				47A130F628601C9800B5F1A7 /* UI-592Tests.xctest */,
				47A1310028601C9800B5F1A7 /* UI-592UITests.xctest */,
			);
			name = Products;
			sourceTree = "<group>";
		};
		47A130E828601C9700B5F1A7 /* UI-592 */ = {
			isa = PBXGroup;
			children = (
				47A1311628601CAC00B5F1A7 /* Model */,
				47A1311328601CA500B5F1A7 /* View */,
				47A130E928601C9700B5F1A7 /* UI_592App.swift */,
				47A130EB28601C9700B5F1A7 /* ContentView.swift */,
				47A130ED28601C9800B5F1A7 /* Assets.xcassets */,
				47A130EF28601C9800B5F1A7 /* Preview Content */,
			);
			path = "UI-592";
			sourceTree = "<group>";
		};
		47A130EF28601C9800B5F1A7 /* Preview Content */ = {
			isa = PBXGroup;
			children = (
				47A130F028601C9800B5F1A7 /* Preview Assets.xcassets */,
			);
			path = "Preview Content";
			sourceTree = "<group>";
		};
		47A130F928601C9800B5F1A7 /* UI-592Tests */ = {
			isa = PBXGroup;
			children = (
				47A130FA28601C9800B5F1A7 /* UI_592Tests.swift */,
			);
			path = "UI-592Tests";
			sourceTree = "<group>";
		};
		47A1310328601C9800B5F1A7 /* UI-592UITests */ = {
			isa = PBXGroup;
			children = (
				47A1310428601C9800B5F1A7 /* UI_592UITests.swift */,
				47A1310628601C9800B5F1A7 /* UI_592UITestsLaunchTests.swift */,
			);
			path = "UI-592UITests";
			sourceTree = "<group>";
		};
		47A1311328601CA500B5F1A7 /* View */ = {
			isa = PBXGroup;
			children = (
				47A1311928601CD400B5F1A7 /* Helper */,
				47A1311428601CAA00B5F1A7 /* Home.swift */,
			);
			path = View;
			sourceTree = "<group>";
		};
		47A1311628601CAC00B5F1A7 /* Model */ = {
			isa = PBXGroup;
			children = (
				47A1311728601CB200B5F1A7 /* Album.swift */,
			);
			path = Model;
			sourceTree = "<group>";
		};
		47A1311928601CD400B5F1A7 /* Helper */ = {
			isa = PBXGroup;
			children = (
				47A1311A28601E8200B5F1A7 /* Extencion.swift */,
			);
			path = Helper;
			sourceTree = "<group>";
		};
/* End PBXGroup section */

/* Begin PBXNativeTarget section */
		47A130E528601C9700B5F1A7 /* UI-592 */ = {
			isa = PBXNativeTarget;
			buildConfigurationList = 47A1310A28601C9800B5F1A7 /* Build configuration list for PBXNativeTarget "UI-592" */;
			buildPhases = (
				47A130E228601C9700B5F1A7 /* Sources */,
				47A130E328601C9700B5F1A7 /* Frameworks */,
				47A130E428601C9700B5F1A7 /* Resources */,
			);
			buildRules = (
			);
			dependencies = (
			);
			name = "UI-592";
			productName = "UI-592";
			productReference = 47A130E628601C9700B5F1A7 /* UI-592.app */;
			productType = "com.apple.product-type.application";
		};
		47A130F528601C9800B5F1A7 /* UI-592Tests */ = {
			isa = PBXNativeTarget;
			buildConfigurationList = 47A1310D28601C9800B5F1A7 /* Build configuration list for PBXNativeTarget "UI-592Tests" */;
			buildPhases = (
				47A130F228601C9800B5F1A7 /* Sources */,
				47A130F328601C9800B5F1A7 /* Frameworks */,
				47A130F428601C9800B5F1A7 /* Resources */,
			);
			buildRules = (
			);
			dependencies = (
				47A130F828601C9800B5F1A7 /* PBXTargetDependency */,
			);
			name = "UI-592Tests";
			productName = "UI-592Tests";
			productReference = 47A130F628601C9800B5F1A7 /* UI-592Tests.xctest */;
			productType = "com.apple.product-type.bundle.unit-test";
		};
		47A130FF28601C9800B5F1A7 /* UI-592UITests */ = {
			isa = PBXNativeTarget;
			buildConfigurationList = 47A1311028601C9800B5F1A7 /* Build configuration list for PBXNativeTarget "UI-592UITests" */;
			buildPhases = (
				47A130FC28601C9800B5F1A7 /* Sources */,
				47A130FD28601C9800B5F1A7 /* Frameworks */,
				47A130FE28601C9800B5F1A7 /* Resources */,
			);
			buildRules = (
			);
			dependencies = (
				47A1310228601C9800B5F1A7 /* PBXTargetDependency */,
			);
			name = "UI-592UITests";
			productName = "UI-592UITests";
			productReference = 47A1310028601C9800B5F1A7 /* UI-592UITests.xctest */;
			productType = "com.apple.product-type.bundle.ui-testing";
		};
/* End PBXNativeTarget section */

/* Begin PBXProject section */
		47A130DE28601C9700B5F1A7 /* Project object */ = {
			isa = PBXProject;
			attributes = {
				BuildIndependentTargetsInParallel = 1;
				LastSwiftUpdateCheck = 1400;
				LastUpgradeCheck = 1400;
				TargetAttributes = {
					47A130E528601C9700B5F1A7 = {
						CreatedOnToolsVersion = 14.0;
					};
					47A130F528601C9800B5F1A7 = {
						CreatedOnToolsVersion = 14.0;
						TestTargetID = 47A130E528601C9700B5F1A7;
					};
					47A130FF28601C9800B5F1A7 = {
						CreatedOnToolsVersion = 14.0;
						TestTargetID = 47A130E528601C9700B5F1A7;
					};
				};
			};
			buildConfigurationList = 47A130E128601C9700B5F1A7 /* Build configuration list for PBXProject "UI-592" */;
			compatibilityVersion = "Xcode 14.0";
			developmentRegion = en;
			hasScannedForEncodings = 0;
			knownRegions = (
				en,
				Base,
			);
			mainGroup = 47A130DD28601C9700B5F1A7;
			productRefGroup = 47A130E728601C9700B5F1A7 /* Products */;
			projectDirPath = "";
			projectRoot = "";
			targets = (
				47A130E528601C9700B5F1A7 /* UI-592 */,
				47A130F528601C9800B5F1A7 /* UI-592Tests */,
				47A130FF28601C9800B5F1A7 /* UI-592UITests */,
			);
		};
/* End PBXProject section */

/* Begin PBXResourcesBuildPhase section */
		47A130E428601C9700B5F1A7 /* Resources */ = {
			isa = PBXResourcesBuildPhase;
			buildActionMask = 2147483647;
			files = (
				47A130F128601C9800B5F1A7 /* Preview Assets.xcassets in Resources */,
				47A130EE28601C9800B5F1A7 /* Assets.xcassets in Resources */,
			);
			runOnlyForDeploymentPostprocessing = 0;
		};
		47A130F428601C9800B5F1A7 /* Resources */ = {
			isa = PBXResourcesBuildPhase;
			buildActionMask = 2147483647;
			files = (
			);
			runOnlyForDeploymentPostprocessing = 0;
		};
		47A130FE28601C9800B5F1A7 /* Resources */ = {
			isa = PBXResourcesBuildPhase;
			buildActionMask = 2147483647;
			files = (
			);
			runOnlyForDeploymentPostprocessing = 0;
		};
/* End PBXResourcesBuildPhase section */

/* Begin PBXSourcesBuildPhase section */
		47A130E228601C9700B5F1A7 /* Sources */ = {
			isa = PBXSourcesBuildPhase;
			buildActionMask = 2147483647;
			files = (
				47A130EC28601C9700B5F1A7 /* ContentView.swift in Sources */,
				47A1311B28601E8200B5F1A7 /* Extencion.swift in Sources */,
				47A1311528601CAA00B5F1A7 /* Home.swift in Sources */,
				47A130EA28601C9700B5F1A7 /* UI_592App.swift in Sources */,
				47A1311828601CB200B5F1A7 /* Album.swift in Sources */,
			);
			runOnlyForDeploymentPostprocessing = 0;
		};
		47A130F228601C9800B5F1A7 /* Sources */ = {
			isa = PBXSourcesBuildPhase;
			buildActionMask = 2147483647;
			files = (
				47A130FB28601C9800B5F1A7 /* UI_592Tests.swift in Sources */,
			);
			runOnlyForDeploymentPostprocessing = 0;
		};
		47A130FC28601C9800B5F1A7 /* Sources */ = {
			isa = PBXSourcesBuildPhase;
			buildActionMask = 2147483647;
			files = (
				47A1310528601C9800B5F1A7 /* UI_592UITests.swift in Sources */,
				47A1310728601C9800B5F1A7 /* UI_592UITestsLaunchTests.swift in Sources */,
			);
			runOnlyForDeploymentPostprocessing = 0;
		};
/* End PBXSourcesBuildPhase section */

/* Begin PBXTargetDependency section */
		47A130F828601C9800B5F1A7 /* PBXTargetDependency */ = {
			isa = PBXTargetDependency;
			target = 47A130E528601C9700B5F1A7 /* UI-592 */;
			targetProxy = 47A130F728601C9800B5F1A7 /* PBXContainerItemProxy */;
		};
		47A1310228601C9800B5F1A7 /* PBXTargetDependency */ = {
			isa = PBXTargetDependency;
			target = 47A130E528601C9700B5F1A7 /* UI-592 */;
			targetProxy = 47A1310128601C9800B5F1A7 /* PBXContainerItemProxy */;
		};
/* End PBXTargetDependency section */

/* Begin XCBuildConfiguration section */
		47A1310828601C9800B5F1A7 /* Debug */ = {
			isa = XCBuildConfiguration;
			buildSettings = {
				ALWAYS_SEARCH_USER_PATHS = NO;
				CLANG_ANALYZER_NONNULL = YES;
				CLANG_ANALYZER_NUMBER_OBJECT_CONVERSION = YES_AGGRESSIVE;
				CLANG_CXX_LANGUAGE_STANDARD = "gnu++17";
				CLANG_ENABLE_MODULES = YES;
				CLANG_ENABLE_OBJC_ARC = YES;
				CLANG_ENABLE_OBJC_WEAK = YES;
				CLANG_WARN_BLOCK_CAPTURE_AUTORELEASING = YES;
				CLANG_WARN_BOOL_CONVERSION = YES;
				CLANG_WARN_COMMA = YES;
				CLANG_WARN_CONSTANT_CONVERSION = YES;
				CLANG_WARN_DEPRECATED_OBJC_IMPLEMENTATIONS = YES;
				CLANG_WARN_DIRECT_OBJC_ISA_USAGE = YES_ERROR;
				CLANG_WARN_DOCUMENTATION_COMMENTS = YES;
				CLANG_WARN_EMPTY_BODY = YES;
				CLANG_WARN_ENUM_CONVERSION = YES;
				CLANG_WARN_INFINITE_RECURSION = YES;
				CLANG_WARN_INT_CONVERSION = YES;
				CLANG_WARN_NON_LITERAL_NULL_CONVERSION = YES;
				CLANG_WARN_OBJC_IMPLICIT_RETAIN_SELF = YES;
				CLANG_WARN_OBJC_LITERAL_CONVERSION = YES;
				CLANG_WARN_OBJC_ROOT_CLASS = YES_ERROR;
				CLANG_WARN_QUOTED_INCLUDE_IN_FRAMEWORK_HEADER = YES;
				CLANG_WARN_RANGE_LOOP_ANALYSIS = YES;
				CLANG_WARN_STRICT_PROTOTYPES = YES;
				CLANG_WARN_SUSPICIOUS_MOVE = YES;
				CLANG_WARN_UNGUARDED_AVAILABILITY = YES_AGGRESSIVE;
				CLANG_WARN_UNREACHABLE_CODE = YES;
				CLANG_WARN__DUPLICATE_METHOD_MATCH = YES;
				COPY_PHASE_STRIP = NO;
				DEBUG_INFORMATION_FORMAT = dwarf;
				ENABLE_STRICT_OBJC_MSGSEND = YES;
				ENABLE_TESTABILITY = YES;
				GCC_C_LANGUAGE_STANDARD = gnu11;
				GCC_DYNAMIC_NO_PIC = NO;
				GCC_NO_COMMON_BLOCKS = YES;
				GCC_OPTIMIZATION_LEVEL = 0;
				GCC_PREPROCESSOR_DEFINITIONS = (
					"DEBUG=1",
					"$(inherited)",
				);
				GCC_WARN_64_TO_32_BIT_CONVERSION = YES;
				GCC_WARN_ABOUT_RETURN_TYPE = YES_ERROR;
				GCC_WARN_UNDECLARED_SELECTOR = YES;
				GCC_WARN_UNINITIALIZED_AUTOS = YES_AGGRESSIVE;
				GCC_WARN_UNUSED_FUNCTION = YES;
				GCC_WARN_UNUSED_VARIABLE = YES;
				IPHONEOS_DEPLOYMENT_TARGET = 16.0;
				MTL_ENABLE_DEBUG_INFO = INCLUDE_SOURCE;
				MTL_FAST_MATH = YES;
				ONLY_ACTIVE_ARCH = YES;
				SDKROOT = iphoneos;
				SWIFT_ACTIVE_COMPILATION_CONDITIONS = DEBUG;
				SWIFT_OPTIMIZATION_LEVEL = "-Onone";
			};
			name = Debug;
		};
		47A1310928601C9800B5F1A7 /* Release */ = {
			isa = XCBuildConfiguration;
			buildSettings = {
				ALWAYS_SEARCH_USER_PATHS = NO;
				CLANG_ANALYZER_NONNULL = YES;
				CLANG_ANALYZER_NUMBER_OBJECT_CONVERSION = YES_AGGRESSIVE;
				CLANG_CXX_LANGUAGE_STANDARD = "gnu++17";
				CLANG_ENABLE_MODULES = YES;
				CLANG_ENABLE_OBJC_ARC = YES;
				CLANG_ENABLE_OBJC_WEAK = YES;
				CLANG_WARN_BLOCK_CAPTURE_AUTORELEASING = YES;
				CLANG_WARN_BOOL_CONVERSION = YES;
				CLANG_WARN_COMMA = YES;
				CLANG_WARN_CONSTANT_CONVERSION = YES;
				CLANG_WARN_DEPRECATED_OBJC_IMPLEMENTATIONS = YES;
				CLANG_WARN_DIRECT_OBJC_ISA_USAGE = YES_ERROR;
				CLANG_WARN_DOCUMENTATION_COMMENTS = YES;
				CLANG_WARN_EMPTY_BODY = YES;
				CLANG_WARN_ENUM_CONVERSION = YES;
				CLANG_WARN_INFINITE_RECURSION = YES;
				CLANG_WARN_INT_CONVERSION = YES;
				CLANG_WARN_NON_LITERAL_NULL_CONVERSION = YES;
				CLANG_WARN_OBJC_IMPLICIT_RETAIN_SELF = YES;
				CLANG_WARN_OBJC_LITERAL_CONVERSION = YES;
				CLANG_WARN_OBJC_ROOT_CLASS = YES_ERROR;
				CLANG_WARN_QUOTED_INCLUDE_IN_FRAMEWORK_HEADER = YES;
				CLANG_WARN_RANGE_LOOP_ANALYSIS = YES;
				CLANG_WARN_STRICT_PROTOTYPES = YES;
				CLANG_WARN_SUSPICIOUS_MOVE = YES;
				CLANG_WARN_UNGUARDED_AVAILABILITY = YES_AGGRESSIVE;
				CLANG_WARN_UNREACHABLE_CODE = YES;
				CLANG_WARN__DUPLICATE_METHOD_MATCH = YES;
				COPY_PHASE_STRIP = NO;
				DEBUG_INFORMATION_FORMAT = "dwarf-with-dsym";
				ENABLE_NS_ASSERTIONS = NO;
				ENABLE_STRICT_OBJC_MSGSEND = YES;
				GCC_C_LANGUAGE_STANDARD = gnu11;
				GCC_NO_COMMON_BLOCKS = YES;
				GCC_WARN_64_TO_32_BIT_CONVERSION = YES;
				GCC_WARN_ABOUT_RETURN_TYPE = YES_ERROR;
				GCC_WARN_UNDECLARED_SELECTOR = YES;
				GCC_WARN_UNINITIALIZED_AUTOS = YES_AGGRESSIVE;
				GCC_WARN_UNUSED_FUNCTION = YES;
				GCC_WARN_UNUSED_VARIABLE = YES;
				IPHONEOS_DEPLOYMENT_TARGET = 16.0;
				MTL_ENABLE_DEBUG_INFO = NO;
				MTL_FAST_MATH = YES;
				SDKROOT = iphoneos;
				SWIFT_COMPILATION_MODE = wholemodule;
				SWIFT_OPTIMIZATION_LEVEL = "-O";
				VALIDATE_PRODUCT = YES;
			};
			name = Release;
		};
		47A1310B28601C9800B5F1A7 /* Debug */ = {
			isa = XCBuildConfiguration;
			buildSettings = {
				ASSETCATALOG_COMPILER_APPICON_NAME = AppIcon;
				ASSETCATALOG_COMPILER_GLOBAL_ACCENT_COLOR_NAME = AccentColor;
				CODE_SIGN_STYLE = Automatic;
				CURRENT_PROJECT_VERSION = 1;
				DEVELOPMENT_ASSET_PATHS = "\"UI-592/Preview Content\"";
				DEVELOPMENT_TEAM = 8CL4U468K5;
				ENABLE_PREVIEWS = YES;
				GENERATE_INFOPLIST_FILE = YES;
				INFOPLIST_KEY_UIApplicationSceneManifest_Generation = YES;
				INFOPLIST_KEY_UIApplicationSupportsIndirectInputEvents = YES;
				INFOPLIST_KEY_UILaunchScreen_Generation = YES;
				INFOPLIST_KEY_UISupportedInterfaceOrientations_iPad = "UIInterfaceOrientationPortrait UIInterfaceOrientationPortraitUpsideDown UIInterfaceOrientationLandscapeLeft UIInterfaceOrientationLandscapeRight";
				INFOPLIST_KEY_UISupportedInterfaceOrientations_iPhone = "UIInterfaceOrientationPortrait UIInterfaceOrientationLandscapeLeft UIInterfaceOrientationLandscapeRight";
				LD_RUNPATH_SEARCH_PATHS = (
					"$(inherited)",
					"@executable_path/Frameworks",
				);
				MARKETING_VERSION = 1.0;
				PRODUCT_BUNDLE_IDENTIFIER = "com.585.UI-592";
				PRODUCT_NAME = "$(TARGET_NAME)";
				SWIFT_EMIT_LOC_STRINGS = YES;
				SWIFT_VERSION = 5.0;
				TARGETED_DEVICE_FAMILY = "1,2";
			};
			name = Debug;
		};
		47A1310C28601C9800B5F1A7 /* Release */ = {
			isa = XCBuildConfiguration;
			buildSettings = {
				ASSETCATALOG_COMPILER_APPICON_NAME = AppIcon;
				ASSETCATALOG_COMPILER_GLOBAL_ACCENT_COLOR_NAME = AccentColor;
				CODE_SIGN_STYLE = Automatic;
				CURRENT_PROJECT_VERSION = 1;
				DEVELOPMENT_ASSET_PATHS = "\"UI-592/Preview Content\"";
				DEVELOPMENT_TEAM = 8CL4U468K5;
				ENABLE_PREVIEWS = YES;
				GENERATE_INFOPLIST_FILE = YES;
				INFOPLIST_KEY_UIApplicationSceneManifest_Generation = YES;
				INFOPLIST_KEY_UIApplicationSupportsIndirectInputEvents = YES;
				INFOPLIST_KEY_UILaunchScreen_Generation = YES;
				INFOPLIST_KEY_UISupportedInterfaceOrientations_iPad = "UIInterfaceOrientationPortrait UIInterfaceOrientationPortraitUpsideDown UIInterfaceOrientationLandscapeLeft UIInterfaceOrientationLandscapeRight";
				INFOPLIST_KEY_UISupportedInterfaceOrientations_iPhone = "UIInterfaceOrientationPortrait UIInterfaceOrientationLandscapeLeft UIInterfaceOrientationLandscapeRight";
				LD_RUNPATH_SEARCH_PATHS = (
					"$(inherited)",
					"@executable_path/Frameworks",
				);
				MARKETING_VERSION = 1.0;
				PRODUCT_BUNDLE_IDENTIFIER = "com.585.UI-592";
				PRODUCT_NAME = "$(TARGET_NAME)";
				SWIFT_EMIT_LOC_STRINGS = YES;
				SWIFT_VERSION = 5.0;
				TARGETED_DEVICE_FAMILY = "1,2";
			};
			name = Release;
		};
		47A1310E28601C9800B5F1A7 /* Debug */ = {
			isa = XCBuildConfiguration;
			buildSettings = {
				ALWAYS_EMBED_SWIFT_STANDARD_LIBRARIES = YES;
				BUNDLE_LOADER = "$(TEST_HOST)";
				CODE_SIGN_STYLE = Automatic;
				CURRENT_PROJECT_VERSION = 1;
				DEVELOPMENT_TEAM = 8CL4U468K5;
				GENERATE_INFOPLIST_FILE = YES;
				IPHONEOS_DEPLOYMENT_TARGET = 16.0;
				MARKETING_VERSION = 1.0;
				PRODUCT_BUNDLE_IDENTIFIER = "com.585.UI-592Tests";
				PRODUCT_NAME = "$(TARGET_NAME)";
				SWIFT_EMIT_LOC_STRINGS = NO;
				SWIFT_VERSION = 5.0;
				TARGETED_DEVICE_FAMILY = "1,2";
				TEST_HOST = "$(BUILT_PRODUCTS_DIR)/UI-592.app/$(BUNDLE_EXECUTABLE_FOLDER_PATH)/UI-592";
			};
			name = Debug;
		};
		47A1310F28601C9800B5F1A7 /* Release */ = {
			isa = XCBuildConfiguration;
			buildSettings = {
				ALWAYS_EMBED_SWIFT_STANDARD_LIBRARIES = YES;
				BUNDLE_LOADER = "$(TEST_HOST)";
				CODE_SIGN_STYLE = Automatic;
				CURRENT_PROJECT_VERSION = 1;
				DEVELOPMENT_TEAM = 8CL4U468K5;
				GENERATE_INFOPLIST_FILE = YES;
				IPHONEOS_DEPLOYMENT_TARGET = 16.0;
				MARKETING_VERSION = 1.0;
				PRODUCT_BUNDLE_IDENTIFIER = "com.585.UI-592Tests";
				PRODUCT_NAME = "$(TARGET_NAME)";
				SWIFT_EMIT_LOC_STRINGS = NO;
				SWIFT_VERSION = 5.0;
				TARGETED_DEVICE_FAMILY = "1,2";
				TEST_HOST = "$(BUILT_PRODUCTS_DIR)/UI-592.app/$(BUNDLE_EXECUTABLE_FOLDER_PATH)/UI-592";
			};
			name = Release;
		};
		47A1311128601C9800B5F1A7 /* Debug */ = {
			isa = XCBuildConfiguration;
			buildSettings = {
				ALWAYS_EMBED_SWIFT_STANDARD_LIBRARIES = YES;
				CODE_SIGN_STYLE = Automatic;
				CURRENT_PROJECT_VERSION = 1;
				DEVELOPMENT_TEAM = 8CL4U468K5;
				GENERATE_INFOPLIST_FILE = YES;
				MARKETING_VERSION = 1.0;
				PRODUCT_BUNDLE_IDENTIFIER = "com.585.UI-592UITests";
				PRODUCT_NAME = "$(TARGET_NAME)";
				SWIFT_EMIT_LOC_STRINGS = NO;
				SWIFT_VERSION = 5.0;
				TARGETED_DEVICE_FAMILY = "1,2";
				TEST_TARGET_NAME = "UI-592";
			};
			name = Debug;
		};
		47A1311228601C9800B5F1A7 /* Release */ = {
			isa = XCBuildConfiguration;
			buildSettings = {
				ALWAYS_EMBED_SWIFT_STANDARD_LIBRARIES = YES;
				CODE_SIGN_STYLE = Automatic;
				CURRENT_PROJECT_VERSION = 1;
				DEVELOPMENT_TEAM = 8CL4U468K5;
				GENERATE_INFOPLIST_FILE = YES;
				MARKETING_VERSION = 1.0;
				PRODUCT_BUNDLE_IDENTIFIER = "com.585.UI-592UITests";
				PRODUCT_NAME = "$(TARGET_NAME)";
				SWIFT_EMIT_LOC_STRINGS = NO;
				SWIFT_VERSION = 5.0;
				TARGETED_DEVICE_FAMILY = "1,2";
				TEST_TARGET_NAME = "UI-592";
			};
			name = Release;
		};
/* End XCBuildConfiguration section */

/* Begin XCConfigurationList section */
		47A130E128601C9700B5F1A7 /* Build configuration list for PBXProject "UI-592" */ = {
			isa = XCConfigurationList;
			buildConfigurations = (
				47A1310828601C9800B5F1A7 /* Debug */,
				47A1310928601C9800B5F1A7 /* Release */,
			);
			defaultConfigurationIsVisible = 0;
			defaultConfigurationName = Release;
		};
		47A1310A28601C9800B5F1A7 /* Build configuration list for PBXNativeTarget "UI-592" */ = {
			isa = XCConfigurationList;
			buildConfigurations = (
				47A1310B28601C9800B5F1A7 /* Debug */,
				47A1310C28601C9800B5F1A7 /* Release */,
			);
			defaultConfigurationIsVisible = 0;
			defaultConfigurationName = Release;
		};
		47A1310D28601C9800B5F1A7 /* Build configuration list for PBXNativeTarget "UI-592Tests" */ = {
			isa = XCConfigurationList;
			buildConfigurations = (
				47A1310E28601C9800B5F1A7 /* Debug */,
				47A1310F28601C9800B5F1A7 /* Release */,
			);
			defaultConfigurationIsVisible = 0;
			defaultConfigurationName = Release;
		};
		47A1311028601C9800B5F1A7 /* Build configuration list for PBXNativeTarget "UI-592UITests" */ = {
			isa = XCConfigurationList;
			buildConfigurations = (
				47A1311128601C9800B5F1A7 /* Debug */,
				47A1311228601C9800B5F1A7 /* Release */,
			);
			defaultConfigurationIsVisible = 0;
			defaultConfigurationName = Release;
		};
/* End XCConfigurationList section */
	};
	rootObject = 47A130DE28601C9700B5F1A7 /* Project object */;
}
